
Microsoft Visual Studio Solution File, Format Version 12.00
# Visual Studio Version 16
VisualStudioVersion = 16.0.30711.63
MinimumVisualStudioVersion = 10.0.40219.1
Project("{FAE04EC0-301F-11D3-BF4B-00C04F79EFBC}") = "Lista_01", "Lista_01\Lista_01.csproj", "{2386D12D-8C3F-4174-963C-57A7954FFF57}"
EndProject
Global
	GlobalSection(SolutionConfigurationPlatforms) = preSolution
		Debug|Any CPU = Debug|Any CPU
		Release|Any CPU = Release|Any CPU
	EndGlobalSection
	GlobalSection(ProjectConfigurationPlatforms) = postSolution
		{2386D12D-8C3F-4174-963C-57A7954FFF57}.Debug|Any CPU.ActiveCfg = Debug|Any CPU
		{2386D12D-8C3F-4174-963C-57A7954FFF57}.Debug|Any CPU.Build.0 = Debug|Any CPU
		{2386D12D-8C3F-4174-963C-57A7954FFF57}.Release|Any CPU.ActiveCfg = Release|Any CPU
		{2386D12D-8C3F-4174-963C-57A7954FFF57}.Release|Any CPU.Build.0 = Release|Any CPU
	EndGlobalSection
	GlobalSection(SolutionProperties) = preSolution
		HideSolutionNode = FALSE
	EndGlobalSection
	GlobalSection(ExtensibilityGlobals) = postSolution
		SolutionGuid = {C7172F43-478A-4AD6-BD9B-99849048300D}
	EndGlobalSection
EndGlobal
